
Microsoft Visual Studio Solution File, Format Version 12.00
# Visual Studio 15
VisualStudioVersion = 15.0.27428.2015
MinimumVisualStudioVersion = 10.0.40219.1
Project("{9A19103F-16F7-4668-BE54-9A1E7A4F7556}") = "HResource", "HResource\HResource.csproj", "{922B775C-D39E-4263-B6D2-459956D0A1B2}"
EndProject
Project("{9A19103F-16F7-4668-BE54-9A1E7A4F7556}") = "HResource.DAL", "HResource.DAL\HResource.DAL.csproj", "{D201206A-0C79-4B78-9765-846DDEF757F7}"
EndProject
Project("{9A19103F-16F7-4668-BE54-9A1E7A4F7556}") = "HResource.Services", "HResource.Services\HResource.Services.csproj", "{1175DEE6-6401-4672-800D-28C25E1856CC}"
EndProject
Project("{9A19103F-16F7-4668-BE54-9A1E7A4F7556}") = "HResource.EntityFramework", "HResource.EntityFramework\HResource.EntityFramework.csproj", "{26E63635-C236-4856-BF7A-EB9B442117B0}"
EndProject
Project("{9A19103F-16F7-4668-BE54-9A1E7A4F7556}") = "HResource.Objects", "HResource.Objects\HResource.Objects.csproj", "{FE18BF26-FFD2-4D86-9F50-5B97ECEF9EC0}"
EndProject
Project("{2150E333-8FDC-42A3-9474-1A3956D46DE8}") = "src", "src", "{E8225CF2-84AC-43C3-A109-84E38831A0C2}"
EndProject
Project("{2150E333-8FDC-42A3-9474-1A3956D46DE8}") = "BuildingBlocks", "BuildingBlocks", "{3E330699-8D6C-4AEB-A2FA-A8742B372F44}"
EndProject
Project("{2150E333-8FDC-42A3-9474-1A3956D46DE8}") = "EventBus", "EventBus", "{7A39045D-4063-40F9-A5E3-53E5990AD012}"
EndProject
Project("{FAE04EC0-301F-11D3-BF4B-00C04F79EFBC}") = "EventBusRabbitMQ", "EventBusRabbitMQ\EventBusRabbitMQ.csproj", "{7B2EC4E2-FD42-4C56-9862-71A75C14A557}"
EndProject
Project("{FAE04EC0-301F-11D3-BF4B-00C04F79EFBC}") = "EventBus", "EventBusCommon\EventBus.csproj", "{EC0FB189-DCC8-47CB-BE23-924243A124C4}"
EndProject
Project("{2150E333-8FDC-42A3-9474-1A3956D46DE8}") = "Services", "Services", "{FAED387D-2866-43B7-9FC6-C1BFB2639AE4}"
EndProject
Project("{2150E333-8FDC-42A3-9474-1A3956D46DE8}") = "Ordering", "Ordering", "{DA09CCA6-E314-4DFA-BD8E-3CEE1BF7616F}"
EndProject
Project("{FAE04EC0-301F-11D3-BF4B-00C04F79EFBC}") = "Ordering.API", "Ordering.API\Ordering.API.csproj", "{1C22EA63-18F3-4AF6-88F2-EF0FEB7ACD93}"
EndProject
Project("{FAE04EC0-301F-11D3-BF4B-00C04F79EFBC}") = "Ordering.Domain", "Ordering.Domain\Ordering.Domain.csproj", "{8444524F-DC2C-4B26-8D8E-CAE5922731AD}"
EndProject
Project("{FAE04EC0-301F-11D3-BF4B-00C04F79EFBC}") = "Ordering.Infrastructure", "Ordering.Infrastructure\Ordering.Infrastructure.csproj", "{C19CDD82-6063-4A27-8662-E333D223112E}"
EndProject
Project("{FAE04EC0-301F-11D3-BF4B-00C04F79EFBC}") = "HResource.Test", "HResource.Test\HResource.Test.csproj", "{E02C25D1-7881-40C9-B601-04E3F7F2F945}"
EndProject
Global
	GlobalSection(SolutionConfigurationPlatforms) = preSolution
		Debug|Any CPU = Debug|Any CPU
		Release|Any CPU = Release|Any CPU
	EndGlobalSection
	GlobalSection(ProjectConfigurationPlatforms) = postSolution
		{922B775C-D39E-4263-B6D2-459956D0A1B2}.Debug|Any CPU.ActiveCfg = Debug|Any CPU
		{922B775C-D39E-4263-B6D2-459956D0A1B2}.Debug|Any CPU.Build.0 = Debug|Any CPU
		{922B775C-D39E-4263-B6D2-459956D0A1B2}.Release|Any CPU.ActiveCfg = Release|Any CPU
		{922B775C-D39E-4263-B6D2-459956D0A1B2}.Release|Any CPU.Build.0 = Release|Any CPU
		{D201206A-0C79-4B78-9765-846DDEF757F7}.Debug|Any CPU.ActiveCfg = Debug|Any CPU
		{D201206A-0C79-4B78-9765-846DDEF757F7}.Debug|Any CPU.Build.0 = Debug|Any CPU
		{D201206A-0C79-4B78-9765-846DDEF757F7}.Release|Any CPU.ActiveCfg = Release|Any CPU
		{D201206A-0C79-4B78-9765-846DDEF757F7}.Release|Any CPU.Build.0 = Release|Any CPU
		{1175DEE6-6401-4672-800D-28C25E1856CC}.Debug|Any CPU.ActiveCfg = Debug|Any CPU
		{1175DEE6-6401-4672-800D-28C25E1856CC}.Debug|Any CPU.Build.0 = Debug|Any CPU
		{1175DEE6-6401-4672-800D-28C25E1856CC}.Release|Any CPU.ActiveCfg = Release|Any CPU
		{1175DEE6-6401-4672-800D-28C25E1856CC}.Release|Any CPU.Build.0 = Release|Any CPU
		{26E63635-C236-4856-BF7A-EB9B442117B0}.Debug|Any CPU.ActiveCfg = Debug|Any CPU
		{26E63635-C236-4856-BF7A-EB9B442117B0}.Debug|Any CPU.Build.0 = Debug|Any CPU
		{26E63635-C236-4856-BF7A-EB9B442117B0}.Release|Any CPU.ActiveCfg = Release|Any CPU
		{26E63635-C236-4856-BF7A-EB9B442117B0}.Release|Any CPU.Build.0 = Release|Any CPU
		{FE18BF26-FFD2-4D86-9F50-5B97ECEF9EC0}.Debug|Any CPU.ActiveCfg = Debug|Any CPU
		{FE18BF26-FFD2-4D86-9F50-5B97ECEF9EC0}.Debug|Any CPU.Build.0 = Debug|Any CPU
		{FE18BF26-FFD2-4D86-9F50-5B97ECEF9EC0}.Release|Any CPU.ActiveCfg = Release|Any CPU
		{FE18BF26-FFD2-4D86-9F50-5B97ECEF9EC0}.Release|Any CPU.Build.0 = Release|Any CPU
		{7B2EC4E2-FD42-4C56-9862-71A75C14A557}.Debug|Any CPU.ActiveCfg = Debug|Any CPU
		{7B2EC4E2-FD42-4C56-9862-71A75C14A557}.Debug|Any CPU.Build.0 = Debug|Any CPU
		{7B2EC4E2-FD42-4C56-9862-71A75C14A557}.Release|Any CPU.ActiveCfg = Release|Any CPU
		{7B2EC4E2-FD42-4C56-9862-71A75C14A557}.Release|Any CPU.Build.0 = Release|Any CPU
		{EC0FB189-DCC8-47CB-BE23-924243A124C4}.Debug|Any CPU.ActiveCfg = Debug|Any CPU
		{EC0FB189-DCC8-47CB-BE23-924243A124C4}.Debug|Any CPU.Build.0 = Debug|Any CPU
		{EC0FB189-DCC8-47CB-BE23-924243A124C4}.Release|Any CPU.ActiveCfg = Release|Any CPU
		{EC0FB189-DCC8-47CB-BE23-924243A124C4}.Release|Any CPU.Build.0 = Release|Any CPU
		{1C22EA63-18F3-4AF6-88F2-EF0FEB7ACD93}.Debug|Any CPU.ActiveCfg = Debug|Any CPU
		{1C22EA63-18F3-4AF6-88F2-EF0FEB7ACD93}.Debug|Any CPU.Build.0 = Debug|Any CPU
		{1C22EA63-18F3-4AF6-88F2-EF0FEB7ACD93}.Release|Any CPU.ActiveCfg = Release|Any CPU
		{1C22EA63-18F3-4AF6-88F2-EF0FEB7ACD93}.Release|Any CPU.Build.0 = Release|Any CPU
		{8444524F-DC2C-4B26-8D8E-CAE5922731AD}.Debug|Any CPU.ActiveCfg = Debug|Any CPU
		{8444524F-DC2C-4B26-8D8E-CAE5922731AD}.Debug|Any CPU.Build.0 = Debug|Any CPU
		{8444524F-DC2C-4B26-8D8E-CAE5922731AD}.Release|Any CPU.ActiveCfg = Release|Any CPU
		{8444524F-DC2C-4B26-8D8E-CAE5922731AD}.Release|Any CPU.Build.0 = Release|Any CPU
		{C19CDD82-6063-4A27-8662-E333D223112E}.Debug|Any CPU.ActiveCfg = Debug|Any CPU
		{C19CDD82-6063-4A27-8662-E333D223112E}.Debug|Any CPU.Build.0 = Debug|Any CPU
		{C19CDD82-6063-4A27-8662-E333D223112E}.Release|Any CPU.ActiveCfg = Release|Any CPU
		{C19CDD82-6063-4A27-8662-E333D223112E}.Release|Any CPU.Build.0 = Release|Any CPU
		{E02C25D1-7881-40C9-B601-04E3F7F2F945}.Debug|Any CPU.ActiveCfg = Debug|Any CPU
		{E02C25D1-7881-40C9-B601-04E3F7F2F945}.Debug|Any CPU.Build.0 = Debug|Any CPU
		{E02C25D1-7881-40C9-B601-04E3F7F2F945}.Release|Any CPU.ActiveCfg = Release|Any CPU
		{E02C25D1-7881-40C9-B601-04E3F7F2F945}.Release|Any CPU.Build.0 = Release|Any CPU
	EndGlobalSection
	GlobalSection(SolutionProperties) = preSolution
		HideSolutionNode = FALSE
	EndGlobalSection
	GlobalSection(NestedProjects) = preSolution
		{3E330699-8D6C-4AEB-A2FA-A8742B372F44} = {E8225CF2-84AC-43C3-A109-84E38831A0C2}
		{7A39045D-4063-40F9-A5E3-53E5990AD012} = {3E330699-8D6C-4AEB-A2FA-A8742B372F44}
		{7B2EC4E2-FD42-4C56-9862-71A75C14A557} = {7A39045D-4063-40F9-A5E3-53E5990AD012}
		{EC0FB189-DCC8-47CB-BE23-924243A124C4} = {7A39045D-4063-40F9-A5E3-53E5990AD012}
		{FAED387D-2866-43B7-9FC6-C1BFB2639AE4} = {E8225CF2-84AC-43C3-A109-84E38831A0C2}
		{DA09CCA6-E314-4DFA-BD8E-3CEE1BF7616F} = {FAED387D-2866-43B7-9FC6-C1BFB2639AE4}
		{1C22EA63-18F3-4AF6-88F2-EF0FEB7ACD93} = {DA09CCA6-E314-4DFA-BD8E-3CEE1BF7616F}
		{8444524F-DC2C-4B26-8D8E-CAE5922731AD} = {DA09CCA6-E314-4DFA-BD8E-3CEE1BF7616F}
		{C19CDD82-6063-4A27-8662-E333D223112E} = {DA09CCA6-E314-4DFA-BD8E-3CEE1BF7616F}
	EndGlobalSection
	GlobalSection(ExtensibilityGlobals) = postSolution
		SolutionGuid = {D6708D46-0D5E-4FAC-A025-0D1E6AE60232}
	EndGlobalSection
EndGlobal
